// !$*UTF8*$!
{
	archiveVersion = 1;
	classes = {
	};
	objectVersion = 46;
	objects = {

/* Begin PBXBuildFile section */
		8E9DB0E51E545C1D00D35EFE /* MDNotificationView.framework in Frameworks */ = {isa = PBXBuildFile; fileRef = 8E9DB0DB1E545C1D00D35EFE /* MDNotificationView.framework */; };
		8E9DB0EC1E545C1D00D35EFE /* MDNotificationView.h in Headers */ = {isa = PBXBuildFile; fileRef = 8E9DB0DE1E545C1D00D35EFE /* MDNotificationView.h */; settings = {ATTRIBUTES = (Public, ); }; };
		8E9DB0FA1E545CD300D35EFE /* MDNotificationCompactButtonLayoutView.xib in Resources */ = {isa = PBXBuildFile; fileRef = 8E9DB0F71E545CD300D35EFE /* MDNotificationCompactButtonLayoutView.xib */; };
		8E9DB0FB1E545CD300D35EFE /* MDNotificationCompactLayoutView.xib in Resources */ = {isa = PBXBuildFile; fileRef = 8E9DB0F81E545CD300D35EFE /* MDNotificationCompactLayoutView.xib */; };
		8E9DB0FC1E545CD300D35EFE /* MDNotificationExpandedImageLayoutView.xib in Resources */ = {isa = PBXBuildFile; fileRef = 8E9DB0F91E545CD300D35EFE /* MDNotificationExpandedImageLayoutView.xib */; };
		8E9DB1041E545CDB00D35EFE /* MDNotificationCompactButtonLayoutView.swift in Sources */ = {isa = PBXBuildFile; fileRef = 8E9DB0FD1E545CDB00D35EFE /* MDNotificationCompactButtonLayoutView.swift */; };
		8E9DB1051E545CDB00D35EFE /* MDNotificationCompactLayoutView.swift in Sources */ = {isa = PBXBuildFile; fileRef = 8E9DB0FE1E545CDB00D35EFE /* MDNotificationCompactLayoutView.swift */; };
		8E9DB1061E545CDB00D35EFE /* MDNotificationExpandedImageLayoutView.swift in Sources */ = {isa = PBXBuildFile; fileRef = 8E9DB0FF1E545CDB00D35EFE /* MDNotificationExpandedImageLayoutView.swift */; };
		8E9DB1071E545CDB00D35EFE /* MDNotificationLayoutView.swift in Sources */ = {isa = PBXBuildFile; fileRef = 8E9DB1001E545CDB00D35EFE /* MDNotificationLayoutView.swift */; };
		8E9DB1081E545CDB00D35EFE /* MDNotificationView.swift in Sources */ = {isa = PBXBuildFile; fileRef = 8E9DB1011E545CDB00D35EFE /* MDNotificationView.swift */; };
		8E9DB1091E545CDB00D35EFE /* MDNotificationViewDelegate.swift in Sources */ = {isa = PBXBuildFile; fileRef = 8E9DB1021E545CDB00D35EFE /* MDNotificationViewDelegate.swift */; };
		8E9DB10A1E545CDB00D35EFE /* MDNotificationViewPosition.swift in Sources */ = {isa = PBXBuildFile; fileRef = 8E9DB1031E545CDB00D35EFE /* MDNotificationViewPosition.swift */; };
		8E9DB10E1E545DE600D35EFE /* MDNotificationViewTests.swift in Sources */ = {isa = PBXBuildFile; fileRef = 8E9DB10D1E545DE600D35EFE /* MDNotificationViewTests.swift */; };
/* End PBXBuildFile section */

/* Begin PBXContainerItemProxy section */
		8E9DB0E61E545C1D00D35EFE /* PBXContainerItemProxy */ = {
			isa = PBXContainerItemProxy;
			containerPortal = 8E9DB0D21E545C1D00D35EFE /* Project object */;
			proxyType = 1;
			remoteGlobalIDString = 8E9DB0DA1E545C1D00D35EFE;
			remoteInfo = MDNotificationView;
		};
/* End PBXContainerItemProxy section */

/* Begin PBXFileReference section */
		8E9DB0DB1E545C1D00D35EFE /* MDNotificationView.framework */ = {isa = PBXFileReference; explicitFileType = wrapper.framework; includeInIndex = 0; path = MDNotificationView.framework; sourceTree = BUILT_PRODUCTS_DIR; };
		8E9DB0DE1E545C1D00D35EFE /* MDNotificationView.h */ = {isa = PBXFileReference; lastKnownFileType = sourcecode.c.h; path = MDNotificationView.h; sourceTree = "<group>"; };
		8E9DB0DF1E545C1D00D35EFE /* Info.plist */ = {isa = PBXFileReference; lastKnownFileType = text.plist.xml; path = Info.plist; sourceTree = "<group>"; };
		8E9DB0E41E545C1D00D35EFE /* MDNotificationViewTests.xctest */ = {isa = PBXFileReference; explicitFileType = wrapper.cfbundle; includeInIndex = 0; path = MDNotificationViewTests.xctest; sourceTree = BUILT_PRODUCTS_DIR; };
		8E9DB0EB1E545C1D00D35EFE /* Info.plist */ = {isa = PBXFileReference; lastKnownFileType = text.plist.xml; path = Info.plist; sourceTree = "<group>"; };
		8E9DB0F71E545CD300D35EFE /* MDNotificationCompactButtonLayoutView.xib */ = {isa = PBXFileReference; fileEncoding = 4; lastKnownFileType = file.xib; name = MDNotificationCompactButtonLayoutView.xib; path = Assets/MDNotificationCompactButtonLayoutView.xib; sourceTree = "<group>"; };
		8E9DB0F81E545CD300D35EFE /* MDNotificationCompactLayoutView.xib */ = {isa = PBXFileReference; fileEncoding = 4; lastKnownFileType = file.xib; name = MDNotificationCompactLayoutView.xib; path = Assets/MDNotificationCompactLayoutView.xib; sourceTree = "<group>"; };
		8E9DB0F91E545CD300D35EFE /* MDNotificationExpandedImageLayoutView.xib */ = {isa = PBXFileReference; fileEncoding = 4; lastKnownFileType = file.xib; name = MDNotificationExpandedImageLayoutView.xib; path = Assets/MDNotificationExpandedImageLayoutView.xib; sourceTree = "<group>"; };
		8E9DB0FD1E545CDB00D35EFE /* MDNotificationCompactButtonLayoutView.swift */ = {isa = PBXFileReference; fileEncoding = 4; lastKnownFileType = sourcecode.swift; name = MDNotificationCompactButtonLayoutView.swift; path = Sources/MDNotificationCompactButtonLayoutView.swift; sourceTree = "<group>"; };
		8E9DB0FE1E545CDB00D35EFE /* MDNotificationCompactLayoutView.swift */ = {isa = PBXFileReference; fileEncoding = 4; lastKnownFileType = sourcecode.swift; name = MDNotificationCompactLayoutView.swift; path = Sources/MDNotificationCompactLayoutView.swift; sourceTree = "<group>"; };
		8E9DB0FF1E545CDB00D35EFE /* MDNotificationExpandedImageLayoutView.swift */ = {isa = PBXFileReference; fileEncoding = 4; lastKnownFileType = sourcecode.swift; name = MDNotificationExpandedImageLayoutView.swift; path = Sources/MDNotificationExpandedImageLayoutView.swift; sourceTree = "<group>"; };
		8E9DB1001E545CDB00D35EFE /* MDNotificationLayoutView.swift */ = {isa = PBXFileReference; fileEncoding = 4; lastKnownFileType = sourcecode.swift; name = MDNotificationLayoutView.swift; path = Sources/MDNotificationLayoutView.swift; sourceTree = "<group>"; };
		8E9DB1011E545CDB00D35EFE /* MDNotificationView.swift */ = {isa = PBXFileReference; fileEncoding = 4; lastKnownFileType = sourcecode.swift; name = MDNotificationView.swift; path = Sources/MDNotificationView.swift; sourceTree = "<group>"; };
		8E9DB1021E545CDB00D35EFE /* MDNotificationViewDelegate.swift */ = {isa = PBXFileReference; fileEncoding = 4; lastKnownFileType = sourcecode.swift; name = MDNotificationViewDelegate.swift; path = Sources/MDNotificationViewDelegate.swift; sourceTree = "<group>"; };
		8E9DB1031E545CDB00D35EFE /* MDNotificationViewPosition.swift */ = {isa = PBXFileReference; fileEncoding = 4; lastKnownFileType = sourcecode.swift; name = MDNotificationViewPosition.swift; path = Sources/MDNotificationViewPosition.swift; sourceTree = "<group>"; };
		8E9DB10D1E545DE600D35EFE /* MDNotificationViewTests.swift */ = {isa = PBXFileReference; fileEncoding = 4; lastKnownFileType = sourcecode.swift; path = MDNotificationViewTests.swift; sourceTree = "<group>"; };
/* End PBXFileReference section */

/* Begin PBXFrameworksBuildPhase section */
		8E9DB0D71E545C1D00D35EFE /* Frameworks */ = {
			isa = PBXFrameworksBuildPhase;
			buildActionMask = 2147483647;
			files = (
			);
			runOnlyForDeploymentPostprocessing = 0;
		};
		8E9DB0E11E545C1D00D35EFE /* Frameworks */ = {
			isa = PBXFrameworksBuildPhase;
			buildActionMask = 2147483647;
			files = (
				8E9DB0E51E545C1D00D35EFE /* MDNotificationView.framework in Frameworks */,
			);
			runOnlyForDeploymentPostprocessing = 0;
		};
/* End PBXFrameworksBuildPhase section */

/* Begin PBXGroup section */
		8E9DB0D11E545C1D00D35EFE = {
			isa = PBXGroup;
			children = (
				8E9DB0DD1E545C1D00D35EFE /* MDNotificationView */,
				8E9DB0E81E545C1D00D35EFE /* MDNotificationViewTests */,
				8E9DB0DC1E545C1D00D35EFE /* Products */,
			);
			sourceTree = "<group>";
		};
		8E9DB0DC1E545C1D00D35EFE /* Products */ = {
			isa = PBXGroup;
			children = (
				8E9DB0DB1E545C1D00D35EFE /* MDNotificationView.framework */,
				8E9DB0E41E545C1D00D35EFE /* MDNotificationViewTests.xctest */,
			);
			name = Products;
			sourceTree = "<group>";
		};
		8E9DB0DD1E545C1D00D35EFE /* MDNotificationView */ = {
			isa = PBXGroup;
			children = (
				8E9DB1011E545CDB00D35EFE /* MDNotificationView.swift */,
				8E9DB1021E545CDB00D35EFE /* MDNotificationViewDelegate.swift */,
				8E9DB1031E545CDB00D35EFE /* MDNotificationViewPosition.swift */,
				8E9DB1001E545CDB00D35EFE /* MDNotificationLayoutView.swift */,
				8E9DB0F71E545CD300D35EFE /* MDNotificationCompactButtonLayoutView.xib */,
				8E9DB0FD1E545CDB00D35EFE /* MDNotificationCompactButtonLayoutView.swift */,
				8E9DB0F81E545CD300D35EFE /* MDNotificationCompactLayoutView.xib */,
				8E9DB0FE1E545CDB00D35EFE /* MDNotificationCompactLayoutView.swift */,
				8E9DB0F91E545CD300D35EFE /* MDNotificationExpandedImageLayoutView.xib */,
				8E9DB0FF1E545CDB00D35EFE /* MDNotificationExpandedImageLayoutView.swift */,
				8E9DB0DE1E545C1D00D35EFE /* MDNotificationView.h */,
				8E9DB0DF1E545C1D00D35EFE /* Info.plist */,
			);
			path = MDNotificationView;
			sourceTree = "<group>";
		};
		8E9DB0E81E545C1D00D35EFE /* MDNotificationViewTests */ = {
			isa = PBXGroup;
			children = (
				8E9DB10D1E545DE600D35EFE /* MDNotificationViewTests.swift */,
				8E9DB0EB1E545C1D00D35EFE /* Info.plist */,
			);
			path = MDNotificationViewTests;
			sourceTree = "<group>";
		};
/* End PBXGroup section */

/* Begin PBXHeadersBuildPhase section */
		8E9DB0D81E545C1D00D35EFE /* Headers */ = {
			isa = PBXHeadersBuildPhase;
			buildActionMask = 2147483647;
			files = (
				8E9DB0EC1E545C1D00D35EFE /* MDNotificationView.h in Headers */,
			);
			runOnlyForDeploymentPostprocessing = 0;
		};
/* End PBXHeadersBuildPhase section */

/* Begin PBXNativeTarget section */
		8E9DB0DA1E545C1D00D35EFE /* MDNotificationView */ = {
			isa = PBXNativeTarget;
			buildConfigurationList = 8E9DB0EF1E545C1D00D35EFE /* Build configuration list for PBXNativeTarget "MDNotificationView" */;
			buildPhases = (
				8E9DB0D61E545C1D00D35EFE /* Sources */,
				8E9DB0D71E545C1D00D35EFE /* Frameworks */,
				8E9DB0D81E545C1D00D35EFE /* Headers */,
				8E9DB0D91E545C1D00D35EFE /* Resources */,
			);
			buildRules = (
			);
			dependencies = (
			);
			name = MDNotificationView;
			productName = MDNotificationView;
			productReference = 8E9DB0DB1E545C1D00D35EFE /* MDNotificationView.framework */;
			productType = "com.apple.product-type.framework";
		};
		8E9DB0E31E545C1D00D35EFE /* MDNotificationViewTests */ = {
			isa = PBXNativeTarget;
			buildConfigurationList = 8E9DB0F21E545C1D00D35EFE /* Build configuration list for PBXNativeTarget "MDNotificationViewTests" */;
			buildPhases = (
				8E9DB0E01E545C1D00D35EFE /* Sources */,
				8E9DB0E11E545C1D00D35EFE /* Frameworks */,
				8E9DB0E21E545C1D00D35EFE /* Resources */,
			);
			buildRules = (
			);
			dependencies = (
				8E9DB0E71E545C1D00D35EFE /* PBXTargetDependency */,
			);
			name = MDNotificationViewTests;
			productName = MDNotificationViewTests;
			productReference = 8E9DB0E41E545C1D00D35EFE /* MDNotificationViewTests.xctest */;
			productType = "com.apple.product-type.bundle.unit-test";
		};
/* End PBXNativeTarget section */

/* Begin PBXProject section */
		8E9DB0D21E545C1D00D35EFE /* Project object */ = {
			isa = PBXProject;
			attributes = {
				LastSwiftUpdateCheck = 0820;
				LastUpgradeCheck = 0820;
				ORGANIZATIONNAME = "Moritz Dietsche";
				TargetAttributes = {
					8E9DB0DA1E545C1D00D35EFE = {
						CreatedOnToolsVersion = 8.2.1;
						LastSwiftMigration = 0820;
						ProvisioningStyle = Automatic;
					};
					8E9DB0E31E545C1D00D35EFE = {
						CreatedOnToolsVersion = 8.2.1;
						LastSwiftMigration = 0820;
						ProvisioningStyle = Automatic;
					};
				};
			};
			buildConfigurationList = 8E9DB0D51E545C1D00D35EFE /* Build configuration list for PBXProject "MDNotificationView" */;
			compatibilityVersion = "Xcode 3.2";
			developmentRegion = English;
			hasScannedForEncodings = 0;
			knownRegions = (
				en,
			);
			mainGroup = 8E9DB0D11E545C1D00D35EFE;
			productRefGroup = 8E9DB0DC1E545C1D00D35EFE /* Products */;
			projectDirPath = "";
			projectRoot = "";
			targets = (
				8E9DB0DA1E545C1D00D35EFE /* MDNotificationView */,
				8E9DB0E31E545C1D00D35EFE /* MDNotificationViewTests */,
			);
		};
/* End PBXProject section */

/* Begin PBXResourcesBuildPhase section */
		8E9DB0D91E545C1D00D35EFE /* Resources */ = {
			isa = PBXResourcesBuildPhase;
			buildActionMask = 2147483647;
			files = (
				8E9DB0FB1E545CD300D35EFE /* MDNotificationCompactLayoutView.xib in Resources */,
				8E9DB0FC1E545CD300D35EFE /* MDNotificationExpandedImageLayoutView.xib in Resources */,
				8E9DB0FA1E545CD300D35EFE /* MDNotificationCompactButtonLayoutView.xib in Resources */,
			);
			runOnlyForDeploymentPostprocessing = 0;
		};
		8E9DB0E21E545C1D00D35EFE /* Resources */ = {
			isa = PBXResourcesBuildPhase;
			buildActionMask = 2147483647;
			files = (
			);
			runOnlyForDeploymentPostprocessing = 0;
		};
/* End PBXResourcesBuildPhase section */

/* Begin PBXSourcesBuildPhase section */
		8E9DB0D61E545C1D00D35EFE /* Sources */ = {
			isa = PBXSourcesBuildPhase;
			buildActionMask = 2147483647;
			files = (
				8E9DB1091E545CDB00D35EFE /* MDNotificationViewDelegate.swift in Sources */,
				8E9DB1081E545CDB00D35EFE /* MDNotificationView.swift in Sources */,
				8E9DB10A1E545CDB00D35EFE /* MDNotificationViewPosition.swift in Sources */,
				8E9DB1061E545CDB00D35EFE /* MDNotificationExpandedImageLayoutView.swift in Sources */,
				8E9DB1051E545CDB00D35EFE /* MDNotificationCompactLayoutView.swift in Sources */,
				8E9DB1071E545CDB00D35EFE /* MDNotificationLayoutView.swift in Sources */,
				8E9DB1041E545CDB00D35EFE /* MDNotificationCompactButtonLayoutView.swift in Sources */,
			);
			runOnlyForDeploymentPostprocessing = 0;
		};
		8E9DB0E01E545C1D00D35EFE /* Sources */ = {
			isa = PBXSourcesBuildPhase;
			buildActionMask = 2147483647;
			files = (
				8E9DB10E1E545DE600D35EFE /* MDNotificationViewTests.swift in Sources */,
			);
			runOnlyForDeploymentPostprocessing = 0;
		};
/* End PBXSourcesBuildPhase section */

/* Begin PBXTargetDependency section */
		8E9DB0E71E545C1D00D35EFE /* PBXTargetDependency */ = {
			isa = PBXTargetDependency;
			target = 8E9DB0DA1E545C1D00D35EFE /* MDNotificationView */;
			targetProxy = 8E9DB0E61E545C1D00D35EFE /* PBXContainerItemProxy */;
		};
/* End PBXTargetDependency section */

/* Begin XCBuildConfiguration section */
		8E9DB0ED1E545C1D00D35EFE /* Debug */ = {
			isa = XCBuildConfiguration;
			buildSettings = {
				ALWAYS_SEARCH_USER_PATHS = NO;
				CLANG_ANALYZER_NONNULL = YES;
				CLANG_CXX_LANGUAGE_STANDARD = "gnu++0x";
				CLANG_CXX_LIBRARY = "libc++";
				CLANG_ENABLE_MODULES = YES;
				CLANG_ENABLE_OBJC_ARC = YES;
				CLANG_WARN_BOOL_CONVERSION = YES;
				CLANG_WARN_CONSTANT_CONVERSION = YES;
				CLANG_WARN_DIRECT_OBJC_ISA_USAGE = YES_ERROR;
				CLANG_WARN_DOCUMENTATION_COMMENTS = YES;
				CLANG_WARN_EMPTY_BODY = YES;
				CLANG_WARN_ENUM_CONVERSION = YES;
				CLANG_WARN_INFINITE_RECURSION = YES;
				CLANG_WARN_INT_CONVERSION = YES;
				CLANG_WARN_OBJC_ROOT_CLASS = YES_ERROR;
				CLANG_WARN_SUSPICIOUS_MOVE = YES;
				CLANG_WARN_UNREACHABLE_CODE = YES;
				CLANG_WARN__DUPLICATE_METHOD_MATCH = YES;
				"CODE_SIGN_IDENTITY[sdk=iphoneos*]" = "iPhone Developer";
				COPY_PHASE_STRIP = NO;
				CURRENT_PROJECT_VERSION = 1;
				DEBUG_INFORMATION_FORMAT = dwarf;
				ENABLE_STRICT_OBJC_MSGSEND = YES;
				ENABLE_TESTABILITY = YES;
				GCC_C_LANGUAGE_STANDARD = gnu99;
				GCC_DYNAMIC_NO_PIC = NO;
				GCC_NO_COMMON_BLOCKS = YES;
				GCC_OPTIMIZATION_LEVEL = 0;
				GCC_PREPROCESSOR_DEFINITIONS = (
					"DEBUG=1",
					"$(inherited)",
				);
				GCC_WARN_64_TO_32_BIT_CONVERSION = YES;
				GCC_WARN_ABOUT_RETURN_TYPE = YES_ERROR;
				GCC_WARN_UNDECLARED_SELECTOR = YES;
				GCC_WARN_UNINITIALIZED_AUTOS = YES_AGGRESSIVE;
				GCC_WARN_UNUSED_FUNCTION = YES;
				GCC_WARN_UNUSED_VARIABLE = YES;
				IPHONEOS_DEPLOYMENT_TARGET = 9.0;
				MTL_ENABLE_DEBUG_INFO = YES;
				ONLY_ACTIVE_ARCH = YES;
				SDKROOT = iphoneos;
				SWIFT_ACTIVE_COMPILATION_CONDITIONS = DEBUG;
				SWIFT_OPTIMIZATION_LEVEL = "-Onone";
				TARGETED_DEVICE_FAMILY = "1,2";
				VERSIONING_SYSTEM = "apple-generic";
				VERSION_INFO_PREFIX = "";
			};
			name = Debug;
		};
		8E9DB0EE1E545C1D00D35EFE /* Release */ = {
			isa = XCBuildConfiguration;
			buildSettings = {
				ALWAYS_SEARCH_USER_PATHS = NO;
				CLANG_ANALYZER_NONNULL = YES;
				CLANG_CXX_LANGUAGE_STANDARD = "gnu++0x";
				CLANG_CXX_LIBRARY = "libc++";
				CLANG_ENABLE_MODULES = YES;
				CLANG_ENABLE_OBJC_ARC = YES;
				CLANG_WARN_BOOL_CONVERSION = YES;
				CLANG_WARN_CONSTANT_CONVERSION = YES;
				CLANG_WARN_DIRECT_OBJC_ISA_USAGE = YES_ERROR;
				CLANG_WARN_DOCUMENTATION_COMMENTS = YES;
				CLANG_WARN_EMPTY_BODY = YES;
				CLANG_WARN_ENUM_CONVERSION = YES;
				CLANG_WARN_INFINITE_RECURSION = YES;
				CLANG_WARN_INT_CONVERSION = YES;
				CLANG_WARN_OBJC_ROOT_CLASS = YES_ERROR;
				CLANG_WARN_SUSPICIOUS_MOVE = YES;
				CLANG_WARN_UNREACHABLE_CODE = YES;
				CLANG_WARN__DUPLICATE_METHOD_MATCH = YES;
				"CODE_SIGN_IDENTITY[sdk=iphoneos*]" = "iPhone Developer";
				COPY_PHASE_STRIP = NO;
				CURRENT_PROJECT_VERSION = 1;
				DEBUG_INFORMATION_FORMAT = "dwarf-with-dsym";
				ENABLE_NS_ASSERTIONS = NO;
				ENABLE_STRICT_OBJC_MSGSEND = YES;
				GCC_C_LANGUAGE_STANDARD = gnu99;
				GCC_NO_COMMON_BLOCKS = YES;
				GCC_WARN_64_TO_32_BIT_CONVERSION = YES;
				GCC_WARN_ABOUT_RETURN_TYPE = YES_ERROR;
				GCC_WARN_UNDECLARED_SELECTOR = YES;
				GCC_WARN_UNINITIALIZED_AUTOS = YES_AGGRESSIVE;
				GCC_WARN_UNUSED_FUNCTION = YES;
				GCC_WARN_UNUSED_VARIABLE = YES;
				IPHONEOS_DEPLOYMENT_TARGET = 9.0;
				MTL_ENABLE_DEBUG_INFO = NO;
				SDKROOT = iphoneos;
				SWIFT_OPTIMIZATION_LEVEL = "-Owholemodule";
				TARGETED_DEVICE_FAMILY = "1,2";
				VALIDATE_PRODUCT = YES;
				VERSIONING_SYSTEM = "apple-generic";
				VERSION_INFO_PREFIX = "";
			};
			name = Release;
		};
		8E9DB0F01E545C1D00D35EFE /* Debug */ = {
			isa = XCBuildConfiguration;
			buildSettings = {
				CLANG_ENABLE_MODULES = YES;
				CODE_SIGN_IDENTITY = "";
				DEFINES_MODULE = YES;
				DYLIB_COMPATIBILITY_VERSION = 1;
				DYLIB_CURRENT_VERSION = 1;
				DYLIB_INSTALL_NAME_BASE = "@rpath";
				INFOPLIST_FILE = MDNotificationView/Info.plist;
				INSTALL_PATH = "$(LOCAL_LIBRARY_DIR)/Frameworks";
				IPHONEOS_DEPLOYMENT_TARGET = 9.0;
				LD_RUNPATH_SEARCH_PATHS = "$(inherited) @executable_path/Frameworks @loader_path/Frameworks";
				PRODUCT_BUNDLE_IDENTIFIER = ch.moritzdietsche.mdnotificationview;
				PRODUCT_NAME = "$(TARGET_NAME)";
				SKIP_INSTALL = YES;
				SWIFT_OPTIMIZATION_LEVEL = "-Onone";
				SWIFT_VERSION = 3.0;
			};
			name = Debug;
		};
		8E9DB0F11E545C1D00D35EFE /* Release */ = {
			isa = XCBuildConfiguration;
			buildSettings = {
				CLANG_ENABLE_MODULES = YES;
				CODE_SIGN_IDENTITY = "";
				DEFINES_MODULE = YES;
				DYLIB_COMPATIBILITY_VERSION = 1;
				DYLIB_CURRENT_VERSION = 1;
				DYLIB_INSTALL_NAME_BASE = "@rpath";
				INFOPLIST_FILE = MDNotificationView/Info.plist;
				INSTALL_PATH = "$(LOCAL_LIBRARY_DIR)/Frameworks";
				IPHONEOS_DEPLOYMENT_TARGET = 9.0;
				LD_RUNPATH_SEARCH_PATHS = "$(inherited) @executable_path/Frameworks @loader_path/Frameworks";
				PRODUCT_BUNDLE_IDENTIFIER = ch.moritzdietsche.mdnotificationview;
				PRODUCT_NAME = "$(TARGET_NAME)";
				SKIP_INSTALL = YES;
				SWIFT_VERSION = 3.0;
			};
			name = Release;
		};
		8E9DB0F31E545C1D00D35EFE /* Debug */ = {
			isa = XCBuildConfiguration;
			buildSettings = {
				ALWAYS_EMBED_SWIFT_STANDARD_LIBRARIES = YES;
				CLANG_ENABLE_MODULES = YES;
				INFOPLIST_FILE = MDNotificationViewTests/Info.plist;
				LD_RUNPATH_SEARCH_PATHS = "$(inherited) @executable_path/Frameworks @loader_path/Frameworks";
				PRODUCT_BUNDLE_IDENTIFIER = ch.moritzdietsche.MDNotificationViewTests;
				PRODUCT_NAME = "$(TARGET_NAME)";
				SWIFT_OPTIMIZATION_LEVEL = "-Onone";
				SWIFT_VERSION = 3.0;
			};
			name = Debug;
		};
		8E9DB0F41E545C1D00D35EFE /* Release */ = {
			isa = XCBuildConfiguration;
			buildSettings = {
				ALWAYS_EMBED_SWIFT_STANDARD_LIBRARIES = YES;
				CLANG_ENABLE_MODULES = YES;
				INFOPLIST_FILE = MDNotificationViewTests/Info.plist;
				LD_RUNPATH_SEARCH_PATHS = "$(inherited) @executable_path/Frameworks @loader_path/Frameworks";
				PRODUCT_BUNDLE_IDENTIFIER = ch.moritzdietsche.MDNotificationViewTests;
				PRODUCT_NAME = "$(TARGET_NAME)";
				SWIFT_VERSION = 3.0;
			};
			name = Release;
		};
/* End XCBuildConfiguration section */

/* Begin XCConfigurationList section */
		8E9DB0D51E545C1D00D35EFE /* Build configuration list for PBXProject "MDNotificationView" */ = {
			isa = XCConfigurationList;
			buildConfigurations = (
				8E9DB0ED1E545C1D00D35EFE /* Debug */,
				8E9DB0EE1E545C1D00D35EFE /* Release */,
			);
			defaultConfigurationIsVisible = 0;
			defaultConfigurationName = Release;
		};
		8E9DB0EF1E545C1D00D35EFE /* Build configuration list for PBXNativeTarget "MDNotificationView" */ = {
			isa = XCConfigurationList;
			buildConfigurations = (
				8E9DB0F01E545C1D00D35EFE /* Debug */,
				8E9DB0F11E545C1D00D35EFE /* Release */,
			);
			defaultConfigurationIsVisible = 0;
			defaultConfigurationName = Release;
		};
		8E9DB0F21E545C1D00D35EFE /* Build configuration list for PBXNativeTarget "MDNotificationViewTests" */ = {
			isa = XCConfigurationList;
			buildConfigurations = (
				8E9DB0F31E545C1D00D35EFE /* Debug */,
				8E9DB0F41E545C1D00D35EFE /* Release */,
			);
			defaultConfigurationIsVisible = 0;
			defaultConfigurationName = Release;
		};
/* End XCConfigurationList section */
	};
	rootObject = 8E9DB0D21E545C1D00D35EFE /* Project object */;
}
